
Microsoft Visual Studio Solution File, Format Version 12.00
# Visual Studio Version 17
VisualStudioVersion = 17.7.34202.233
MinimumVisualStudioVersion = 10.0.40219.1
Project("{8BC9CEB8-8B4A-11D0-8D11-00A0C91BC942}") = "ABP", "ABP\ABP.vcxproj", "{E0F8CB74-3D5A-480D-9CEE-F9ED3409A123}"
EndProject
Global
	GlobalSection(SolutionConfigurationPlatforms) = preSolution
		Debug|x64 = Debug|x64
		Debug|x86 = Debug|x86
		Release|x64 = Release|x64
		Release|x86 = Release|x86
	EndGlobalSection
	GlobalSection(ProjectConfigurationPlatforms) = postSolution
		{E0F8CB74-3D5A-480D-9CEE-F9ED3409A123}.Debug|x64.ActiveCfg = Debug|x64
		{E0F8CB74-3D5A-480D-9CEE-F9ED3409A123}.Debug|x64.Build.0 = Debug|x64
		{E0F8CB74-3D5A-480D-9CEE-F9ED3409A123}.Debug|x86.ActiveCfg = Debug|Win32
		{E0F8CB74-3D5A-480D-9CEE-F9ED3409A123}.Debug|x86.Build.0 = Debug|Win32
		{E0F8CB74-3D5A-480D-9CEE-F9ED3409A123}.Release|x64.ActiveCfg = Release|x64
		{E0F8CB74-3D5A-480D-9CEE-F9ED3409A123}.Release|x64.Build.0 = Release|x64
		{E0F8CB74-3D5A-480D-9CEE-F9ED3409A123}.Release|x86.ActiveCfg = Release|Win32
		{E0F8CB74-3D5A-480D-9CEE-F9ED3409A123}.Release|x86.Build.0 = Release|Win32
	EndGlobalSection
	GlobalSection(SolutionProperties) = preSolution
		HideSolutionNode = FALSE
	EndGlobalSection
	GlobalSection(ExtensibilityGlobals) = postSolution
		SolutionGuid = {CE572C74-0121-4C50-A386-2C11519EF400}
	EndGlobalSection
EndGlobal
